
Microsoft Visual Studio Solution File, Format Version 12.00
# Visual Studio Version 17
VisualStudioVersion = 17.9.34728.123
MinimumVisualStudioVersion = 10.0.40219.1
Project("{9A19103F-16F7-4668-BE54-9A1E7A4F7556}") = "EF.UOW.Inftrastructure", "src\EF.UOW.Inftrastructure\EF.UOW.Inftrastructure.csproj", "{3AEE0AAE-EB2D-4263-ADFA-7958E5D7FB3C}"
EndProject
Project("{2150E333-8FDC-42A3-9474-1A3956D46DE8}") = "src", "src", "{67BAE123-A128-4D7A-B78E-D40A7C39693D}"
EndProject
Project("{2150E333-8FDC-42A3-9474-1A3956D46DE8}") = "test", "test", "{0D829117-5056-4EB1-85AF-0BA92F41DE03}"
EndProject
Project("{FAE04EC0-301F-11D3-BF4B-00C04F79EFBC}") = "EF.UOW.Inftrastructure.Tests", "tests\EF.UOW.Inftrastructure.Tests\EF.UOW.Inftrastructure.Tests.csproj", "{B6879983-B321-4972-BBB5-FA474B523C9C}"
EndProject
Global
	GlobalSection(SolutionConfigurationPlatforms) = preSolution
		Debug|Any CPU = Debug|Any CPU
		Release|Any CPU = Release|Any CPU
	EndGlobalSection
	GlobalSection(ProjectConfigurationPlatforms) = postSolution
		{3AEE0AAE-EB2D-4263-ADFA-7958E5D7FB3C}.Debug|Any CPU.ActiveCfg = Debug|Any CPU
		{3AEE0AAE-EB2D-4263-ADFA-7958E5D7FB3C}.Debug|Any CPU.Build.0 = Debug|Any CPU
		{3AEE0AAE-EB2D-4263-ADFA-7958E5D7FB3C}.Release|Any CPU.ActiveCfg = Release|Any CPU
		{3AEE0AAE-EB2D-4263-ADFA-7958E5D7FB3C}.Release|Any CPU.Build.0 = Release|Any CPU
		{B6879983-B321-4972-BBB5-FA474B523C9C}.Debug|Any CPU.ActiveCfg = Debug|Any CPU
		{B6879983-B321-4972-BBB5-FA474B523C9C}.Debug|Any CPU.Build.0 = Debug|Any CPU
		{B6879983-B321-4972-BBB5-FA474B523C9C}.Release|Any CPU.ActiveCfg = Release|Any CPU
		{B6879983-B321-4972-BBB5-FA474B523C9C}.Release|Any CPU.Build.0 = Release|Any CPU
	EndGlobalSection
	GlobalSection(SolutionProperties) = preSolution
		HideSolutionNode = FALSE
	EndGlobalSection
	GlobalSection(NestedProjects) = preSolution
		{3AEE0AAE-EB2D-4263-ADFA-7958E5D7FB3C} = {67BAE123-A128-4D7A-B78E-D40A7C39693D}
	EndGlobalSection
	GlobalSection(ExtensibilityGlobals) = postSolution
		SolutionGuid = {8BD14E4B-BB66-4E40-B2F6-EB6BF525F1B9}
	EndGlobalSection
EndGlobal
